
Microsoft Visual Studio Solution File, Format Version 12.00
# Visual Studio 14
VisualStudioVersion = 14.0.23107.0
MinimumVisualStudioVersion = 10.0.40219.1
Project("{FAE04EC0-301F-11D3-BF4B-00C04F79EFBC}") = "RepoApp", "RepoApp\RepoApp.csproj", "{8DDEF6FA-4568-49EA-A144-37C3FDA07689}"
EndProject
Global
	GlobalSection(SolutionConfigurationPlatforms) = preSolution
		Debug|Any CPU = Debug|Any CPU
		Release|Any CPU = Release|Any CPU
	EndGlobalSection
	GlobalSection(ProjectConfigurationPlatforms) = postSolution
		{8DDEF6FA-4568-49EA-A144-37C3FDA07689}.Debug|Any CPU.ActiveCfg = Debug|Any CPU
		{8DDEF6FA-4568-49EA-A144-37C3FDA07689}.Debug|Any CPU.Build.0 = Debug|Any CPU
		{8DDEF6FA-4568-49EA-A144-37C3FDA07689}.Release|Any CPU.ActiveCfg = Release|Any CPU
		{8DDEF6FA-4568-49EA-A144-37C3FDA07689}.Release|Any CPU.Build.0 = Release|Any CPU
	EndGlobalSection
	GlobalSection(SolutionProperties) = preSolution
		HideSolutionNode = FALSE
	EndGlobalSection
EndGlobal
